Microsoft Visual Studio Solution File, Format Version 12.00
# Visual Studio 2012
Project("{FAE04EC0-301F-11D3-BF4B-00C04F79EFBC}") = "tech-legacy", "tech-legacy.csproj", "{F479F5C4-65D8-4A48-8FB9-0FC0CE952A15}"
EndProject
Global
	GlobalSection(SolutionConfigurationPlatforms) = preSolution
	Debug|Any CPU = Debug|Any CPU
	ExportDebug|Any CPU = ExportDebug|Any CPU
	ExportRelease|Any CPU = ExportRelease|Any CPU
	EndGlobalSection
	GlobalSection(ProjectConfigurationPlatforms) = postSolution
		{F479F5C4-65D8-4A48-8FB9-0FC0CE952A15}.Debug|Any CPU.ActiveCfg = Debug|Any CPU
		{F479F5C4-65D8-4A48-8FB9-0FC0CE952A15}.Debug|Any CPU.Build.0 = Debug|Any CPU
		{F479F5C4-65D8-4A48-8FB9-0FC0CE952A15}.ExportDebug|Any CPU.ActiveCfg = ExportDebug|Any CPU
		{F479F5C4-65D8-4A48-8FB9-0FC0CE952A15}.ExportDebug|Any CPU.Build.0 = ExportDebug|Any CPU
		{F479F5C4-65D8-4A48-8FB9-0FC0CE952A15}.ExportRelease|Any CPU.ActiveCfg = ExportRelease|Any CPU
		{F479F5C4-65D8-4A48-8FB9-0FC0CE952A15}.ExportRelease|Any CPU.Build.0 = ExportRelease|Any CPU
	EndGlobalSection
EndGlobal
